
Microsoft Visual Studio Solution File, Format Version 12.00
# Visual Studio Version 17
VisualStudioVersion = 17.5.33414.496
MinimumVisualStudioVersion = 10.0.40219.1
Project("{FAE04EC0-301F-11D3-BF4B-00C04F79EFBC}") = "CodingAssessment", "CodingAssessment\CodingAssessment.csproj", "{CE74232B-4E3D-4B0B-B738-E629954C1345}"
EndProject
Global
	GlobalSection(SolutionConfigurationPlatforms) = preSolution
		Debug|Any CPU = Debug|Any CPU
		Release|Any CPU = Release|Any CPU
	EndGlobalSection
	GlobalSection(ProjectConfigurationPlatforms) = postSolution
		{CE74232B-4E3D-4B0B-B738-E629954C1345}.Debug|Any CPU.ActiveCfg = Debug|Any CPU
		{CE74232B-4E3D-4B0B-B738-E629954C1345}.Debug|Any CPU.Build.0 = Debug|Any CPU
		{CE74232B-4E3D-4B0B-B738-E629954C1345}.Release|Any CPU.ActiveCfg = Release|Any CPU
		{CE74232B-4E3D-4B0B-B738-E629954C1345}.Release|Any CPU.Build.0 = Release|Any CPU
	EndGlobalSection
	GlobalSection(SolutionProperties) = preSolution
		HideSolutionNode = FALSE
	EndGlobalSection
	GlobalSection(ExtensibilityGlobals) = postSolution
		SolutionGuid = {DBD92543-B30F-45F1-9A9B-A2689397355A}
	EndGlobalSection
EndGlobal
